
Microsoft Visual Studio Solution File, Format Version 12.00
# Visual Studio Version 17
VisualStudioVersion = 17.14.36518.9 d17.14
MinimumVisualStudioVersion = 10.0.40219.1
Project("{FAE04EC0-301F-11D3-BF4B-00C04F79EFBC}") = "MVVM_QuanLyQuyTrINH", "MVVM_QuanLyQuyTrINH\MVVM_QuanLyQuyTrINH.csproj", "{595C55F4-D972-431A-947C-557AE8FCCDC9}"
EndProject
Global
	GlobalSection(SolutionConfigurationPlatforms) = preSolution
		Debug|Any CPU = Debug|Any CPU
		Release|Any CPU = Release|Any CPU
	EndGlobalSection
	GlobalSection(ProjectConfigurationPlatforms) = postSolution
		{595C55F4-D972-431A-947C-557AE8FCCDC9}.Debug|Any CPU.ActiveCfg = Debug|Any CPU
		{595C55F4-D972-431A-947C-557AE8FCCDC9}.Debug|Any CPU.Build.0 = Debug|Any CPU
		{595C55F4-D972-431A-947C-557AE8FCCDC9}.Release|Any CPU.ActiveCfg = Release|Any CPU
		{595C55F4-D972-431A-947C-557AE8FCCDC9}.Release|Any CPU.Build.0 = Release|Any CPU
	EndGlobalSection
	GlobalSection(SolutionProperties) = preSolution
		HideSolutionNode = FALSE
	EndGlobalSection
	GlobalSection(ExtensibilityGlobals) = postSolution
		SolutionGuid = {F94DA127-7143-422A-8C18-204B20DCF6B1}
	EndGlobalSection
EndGlobal
